
Microsoft Visual Studio Solution File, Format Version 12.00
# Visual Studio Version 17
VisualStudioVersion = 17.3.32929.385
MinimumVisualStudioVersion = 10.0.40219.1
Project("{9A19103F-16F7-4668-BE54-9A1E7A4F7556}") = "StringParser", "StringParser\StringParser.csproj", "{5EA5EA0C-E39D-4884-A1B6-9E323AC2918C}"
EndProject
Project("{9A19103F-16F7-4668-BE54-9A1E7A4F7556}") = "ConsoleApp1", "ConsoleApp1\ConsoleApp1.csproj", "{7052C256-4D12-40F8-880B-60CC7BF90A7E}"
EndProject
Global
	GlobalSection(SolutionConfigurationPlatforms) = preSolution
		Debug|Any CPU = Debug|Any CPU
		Release|Any CPU = Release|Any CPU
	EndGlobalSection
	GlobalSection(ProjectConfigurationPlatforms) = postSolution
		{5EA5EA0C-E39D-4884-A1B6-9E323AC2918C}.Debug|Any CPU.ActiveCfg = Debug|Any CPU
		{5EA5EA0C-E39D-4884-A1B6-9E323AC2918C}.Debug|Any CPU.Build.0 = Debug|Any CPU
		{5EA5EA0C-E39D-4884-A1B6-9E323AC2918C}.Release|Any CPU.ActiveCfg = Release|Any CPU
		{5EA5EA0C-E39D-4884-A1B6-9E323AC2918C}.Release|Any CPU.Build.0 = Release|Any CPU
		{7052C256-4D12-40F8-880B-60CC7BF90A7E}.Debug|Any CPU.ActiveCfg = Debug|Any CPU
		{7052C256-4D12-40F8-880B-60CC7BF90A7E}.Debug|Any CPU.Build.0 = Debug|Any CPU
		{7052C256-4D12-40F8-880B-60CC7BF90A7E}.Release|Any CPU.ActiveCfg = Release|Any CPU
		{7052C256-4D12-40F8-880B-60CC7BF90A7E}.Release|Any CPU.Build.0 = Release|Any CPU
	EndGlobalSection
	GlobalSection(SolutionProperties) = preSolution
		HideSolutionNode = FALSE
	EndGlobalSection
	GlobalSection(ExtensibilityGlobals) = postSolution
		SolutionGuid = {A4DBE8D6-4F47-4A3F-B85E-77DB71F8DE1C}
	EndGlobalSection
EndGlobal
